// !$*UTF8*$!
{
	archiveVersion = 1;
	classes = {
	};
	objectVersion = 46;
	objects = {

/* Begin PBXBuildFile section */
		06D0B6F7694B4BDD9769CADF /* libPods-SBScavengerHunt.a in Frameworks */ = {isa = PBXBuildFile; fileRef = 2EA5825F15F44FE78AC25B05 /* libPods-SBScavengerHunt.a */; };
		17767A94195DBF6300DCC84B /* CreateHuntViewController.swift in Sources */ = {isa = PBXBuildFile; fileRef = 17767A92195DBF6300DCC84B /* CreateHuntViewController.swift */; };
		17767A95195DBF6300DCC84B /* CreateHuntViewController.xib in Resources */ = {isa = PBXBuildFile; fileRef = 17767A93195DBF6300DCC84B /* CreateHuntViewController.xib */; };
		55CC9D72195DB54900336F00 /* Hunt.m in Sources */ = {isa = PBXBuildFile; fileRef = 55CC9D71195DB54900336F00 /* Hunt.m */; };
		55CC9D79195DB58C00336F00 /* Hunt+Tools.m in Sources */ = {isa = PBXBuildFile; fileRef = 55CC9D78195DB58C00336F00 /* Hunt+Tools.m */; };
		55CC9D7C195DB82B00336F00 /* MakeNewHuntViewController.swift in Sources */ = {isa = PBXBuildFile; fileRef = 55CC9D7A195DB82B00336F00 /* MakeNewHuntViewController.swift */; };
		55CC9D7D195DB82B00336F00 /* MakeNewHuntViewController.xib in Resources */ = {isa = PBXBuildFile; fileRef = 55CC9D7B195DB82B00336F00 /* MakeNewHuntViewController.xib */; };
		55CC9D7F195DBAA300336F00 /* MakeNewTargetViewController.swift in Sources */ = {isa = PBXBuildFile; fileRef = 55CC9D7E195DBAA300336F00 /* MakeNewTargetViewController.swift */; };
		55CC9D81195DBABA00336F00 /* MakeNewTargetViewController.xib in Resources */ = {isa = PBXBuildFile; fileRef = 55CC9D80195DBABA00336F00 /* MakeNewTargetViewController.xib */; };
		55CC9D84195DD9D600336F00 /* HuntTarget.m in Sources */ = {isa = PBXBuildFile; fileRef = 55CC9D83195DD9D600336F00 /* HuntTarget.m */; };
		55EC791C195D9C35005308B6 /* AppDelegate.swift in Sources */ = {isa = PBXBuildFile; fileRef = 55EC791B195D9C35005308B6 /* AppDelegate.swift */; };
		55EC791F195D9C35005308B6 /* SBScavengerHunt.xcdatamodeld in Sources */ = {isa = PBXBuildFile; fileRef = 55EC791D195D9C35005308B6 /* SBScavengerHunt.xcdatamodeld */; };
		55EC7921195D9C35005308B6 /* ViewController.swift in Sources */ = {isa = PBXBuildFile; fileRef = 55EC7920195D9C35005308B6 /* ViewController.swift */; };
		55EC7924195D9C35005308B6 /* Main.storyboard in Resources */ = {isa = PBXBuildFile; fileRef = 55EC7922195D9C35005308B6 /* Main.storyboard */; };
		55EC7926195D9C35005308B6 /* Images.xcassets in Resources */ = {isa = PBXBuildFile; fileRef = 55EC7925195D9C35005308B6 /* Images.xcassets */; };
		55EC7932195D9C35005308B6 /* SBScavengerHuntTests.swift in Sources */ = {isa = PBXBuildFile; fileRef = 55EC7931195D9C35005308B6 /* SBScavengerHuntTests.swift */; };
		55EC7940195D9DA0005308B6 /* CoreBluetooth.framework in Frameworks */ = {isa = PBXBuildFile; fileRef = 55EC793F195D9DA0005308B6 /* CoreBluetooth.framework */; };
		55EC7942195D9DA6005308B6 /* CoreLocation.framework in Frameworks */ = {isa = PBXBuildFile; fileRef = 55EC7941195D9DA6005308B6 /* CoreLocation.framework */; };
		55EC7946195DA8E4005308B6 /* Notes.txt in Resources */ = {isa = PBXBuildFile; fileRef = 55EC7945195DA8E4005308B6 /* Notes.txt */; };
/* End PBXBuildFile section */

/* Begin PBXContainerItemProxy section */
		55EC792C195D9C35005308B6 /* PBXContainerItemProxy */ = {
			isa = PBXContainerItemProxy;
			containerPortal = 55EC790E195D9C35005308B6 /* Project object */;
			proxyType = 1;
			remoteGlobalIDString = 55EC7915195D9C35005308B6;
			remoteInfo = SBScavengerHunt;
		};
/* End PBXContainerItemProxy section */

/* Begin PBXFileReference section */
		17767A92195DBF6300DCC84B /* CreateHuntViewController.swift */ = {isa = PBXFileReference; fileEncoding = 4; lastKnownFileType = sourcecode.swift; path = CreateHuntViewController.swift; sourceTree = "<group>"; };
		17767A93195DBF6300DCC84B /* CreateHuntViewController.xib */ = {isa = PBXFileReference; fileEncoding = 4; lastKnownFileType = file.xib; path = CreateHuntViewController.xib; sourceTree = "<group>"; };
		2EA5825F15F44FE78AC25B05 /* libPods-SBScavengerHunt.a */ = {isa = PBXFileReference; explicitFileType = archive.ar; includeInIndex = 0; path = "libPods-SBScavengerHunt.a"; sourceTree = BUILT_PRODUCTS_DIR; };
		55CC9D70195DB54900336F00 /* Hunt.h */ = {isa = PBXFileReference; fileEncoding = 4; lastKnownFileType = sourcecode.c.h; path = Hunt.h; sourceTree = "<group>"; };
		55CC9D71195DB54900336F00 /* Hunt.m */ = {isa = PBXFileReference; fileEncoding = 4; lastKnownFileType = sourcecode.c.objc; path = Hunt.m; sourceTree = "<group>"; };
		55CC9D77195DB58C00336F00 /* Hunt+Tools.h */ = {isa = PBXFileReference; fileEncoding = 4; lastKnownFileType = sourcecode.c.h; path = "Hunt+Tools.h"; sourceTree = "<group>"; };
		55CC9D78195DB58C00336F00 /* Hunt+Tools.m */ = {isa = PBXFileReference; fileEncoding = 4; lastKnownFileType = sourcecode.c.objc; path = "Hunt+Tools.m"; sourceTree = "<group>"; };
		55CC9D7A195DB82B00336F00 /* MakeNewHuntViewController.swift */ = {isa = PBXFileReference; fileEncoding = 4; lastKnownFileType = sourcecode.swift; path = MakeNewHuntViewController.swift; sourceTree = "<group>"; };
		55CC9D7B195DB82B00336F00 /* MakeNewHuntViewController.xib */ = {isa = PBXFileReference; fileEncoding = 4; lastKnownFileType = file.xib; path = MakeNewHuntViewController.xib; sourceTree = "<group>"; };
		55CC9D7E195DBAA300336F00 /* MakeNewTargetViewController.swift */ = {isa = PBXFileReference; fileEncoding = 4; lastKnownFileType = sourcecode.swift; path = MakeNewTargetViewController.swift; sourceTree = "<group>"; };
		55CC9D80195DBABA00336F00 /* MakeNewTargetViewController.xib */ = {isa = PBXFileReference; fileEncoding = 4; lastKnownFileType = file.xib; path = MakeNewTargetViewController.xib; sourceTree = "<group>"; };
		55CC9D82195DD9D600336F00 /* HuntTarget.h */ = {isa = PBXFileReference; fileEncoding = 4; lastKnownFileType = sourcecode.c.h; path = HuntTarget.h; sourceTree = "<group>"; };
		55CC9D83195DD9D600336F00 /* HuntTarget.m */ = {isa = PBXFileReference; fileEncoding = 4; lastKnownFileType = sourcecode.c.objc; path = HuntTarget.m; sourceTree = "<group>"; };
		55EC7916195D9C35005308B6 /* SBScavengerHunt.app */ = {isa = PBXFileReference; explicitFileType = wrapper.application; includeInIndex = 0; path = SBScavengerHunt.app; sourceTree = BUILT_PRODUCTS_DIR; };
		55EC791A195D9C35005308B6 /* Info.plist */ = {isa = PBXFileReference; lastKnownFileType = text.plist.xml; path = Info.plist; sourceTree = "<group>"; };
		55EC791B195D9C35005308B6 /* AppDelegate.swift */ = {isa = PBXFileReference; lastKnownFileType = sourcecode.swift; path = AppDelegate.swift; sourceTree = "<group>"; };
		55EC791E195D9C35005308B6 /* SBScavengerHunt.xcdatamodel */ = {isa = PBXFileReference; lastKnownFileType = wrapper.xcdatamodel; path = SBScavengerHunt.xcdatamodel; sourceTree = "<group>"; };
		55EC7920195D9C35005308B6 /* ViewController.swift */ = {isa = PBXFileReference; lastKnownFileType = sourcecode.swift; path = ViewController.swift; sourceTree = "<group>"; };
		55EC7923195D9C35005308B6 /* Base */ = {isa = PBXFileReference; lastKnownFileType = file.storyboard; name = Base; path = Base.lproj/Main.storyboard; sourceTree = "<group>"; };
		55EC7925195D9C35005308B6 /* Images.xcassets */ = {isa = PBXFileReference; lastKnownFileType = folder.assetcatalog; path = Images.xcassets; sourceTree = "<group>"; };
		55EC792B195D9C35005308B6 /* SBScavengerHuntTests.xctest */ = {isa = PBXFileReference; explicitFileType = wrapper.cfbundle; includeInIndex = 0; path = SBScavengerHuntTests.xctest; sourceTree = BUILT_PRODUCTS_DIR; };
		55EC7930195D9C35005308B6 /* Info.plist */ = {isa = PBXFileReference; lastKnownFileType = text.plist.xml; path = Info.plist; sourceTree = "<group>"; };
		55EC7931195D9C35005308B6 /* SBScavengerHuntTests.swift */ = {isa = PBXFileReference; lastKnownFileType = sourcecode.swift; path = SBScavengerHuntTests.swift; sourceTree = "<group>"; };
		55EC793B195D9D21005308B6 /* SBScavengerHunt-Bridging-Header.h */ = {isa = PBXFileReference; lastKnownFileType = sourcecode.c.h; path = "SBScavengerHunt-Bridging-Header.h"; sourceTree = "<group>"; };
		55EC793F195D9DA0005308B6 /* CoreBluetooth.framework */ = {isa = PBXFileReference; lastKnownFileType = wrapper.framework; name = CoreBluetooth.framework; path = System/Library/Frameworks/CoreBluetooth.framework; sourceTree = SDKROOT; };
		55EC7941195D9DA6005308B6 /* CoreLocation.framework */ = {isa = PBXFileReference; lastKnownFileType = wrapper.framework; name = CoreLocation.framework; path = System/Library/Frameworks/CoreLocation.framework; sourceTree = SDKROOT; };
		55EC7945195DA8E4005308B6 /* Notes.txt */ = {isa = PBXFileReference; fileEncoding = 4; lastKnownFileType = text; path = Notes.txt; sourceTree = "<group>"; };
		90C6D519B3BE4DA2AFA43070 /* Pods-SBScavengerHunt.xcconfig */ = {isa = PBXFileReference; includeInIndex = 1; lastKnownFileType = text.xcconfig; name = "Pods-SBScavengerHunt.xcconfig"; path = "Pods/Pods-SBScavengerHunt.xcconfig"; sourceTree = "<group>"; };
/* End PBXFileReference section */

/* Begin PBXFrameworksBuildPhase section */
		55EC7913195D9C35005308B6 /* Frameworks */ = {
			isa = PBXFrameworksBuildPhase;
			buildActionMask = 2147483647;
			files = (
				55EC7942195D9DA6005308B6 /* CoreLocation.framework in Frameworks */,
				55EC7940195D9DA0005308B6 /* CoreBluetooth.framework in Frameworks */,
				06D0B6F7694B4BDD9769CADF /* libPods-SBScavengerHunt.a in Frameworks */,
			);
			runOnlyForDeploymentPostprocessing = 0;
		};
		55EC7928195D9C35005308B6 /* Frameworks */ = {
			isa = PBXFrameworksBuildPhase;
			buildActionMask = 2147483647;
			files = (
			);
			runOnlyForDeploymentPostprocessing = 0;
		};
/* End PBXFrameworksBuildPhase section */

/* Begin PBXGroup section */
		55CC9D76195DB54E00336F00 /* Model */ = {
			isa = PBXGroup;
			children = (
				55CC9D82195DD9D600336F00 /* HuntTarget.h */,
				55CC9D83195DD9D600336F00 /* HuntTarget.m */,
				55EC791D195D9C35005308B6 /* SBScavengerHunt.xcdatamodeld */,
				55CC9D70195DB54900336F00 /* Hunt.h */,
				55CC9D71195DB54900336F00 /* Hunt.m */,
				55CC9D77195DB58C00336F00 /* Hunt+Tools.h */,
				55CC9D78195DB58C00336F00 /* Hunt+Tools.m */,
			);
			name = Model;
			sourceTree = "<group>";
		};
		55EC790D195D9C35005308B6 = {
			isa = PBXGroup;
			children = (
				55EC7918195D9C35005308B6 /* SBScavengerHunt */,
				55EC792E195D9C35005308B6 /* SBScavengerHuntTests */,
				55EC7917195D9C35005308B6 /* Products */,
				90C6D519B3BE4DA2AFA43070 /* Pods-SBScavengerHunt.xcconfig */,
				BC9E8A103F7E44718EF97AD3 /* Frameworks */,
			);
			sourceTree = "<group>";
		};
		55EC7917195D9C35005308B6 /* Products */ = {
			isa = PBXGroup;
			children = (
				55EC7916195D9C35005308B6 /* SBScavengerHunt.app */,
				55EC792B195D9C35005308B6 /* SBScavengerHuntTests.xctest */,
			);
			name = Products;
			sourceTree = "<group>";
		};
		55EC7918195D9C35005308B6 /* SBScavengerHunt */ = {
			isa = PBXGroup;
			children = (
				55EC7945195DA8E4005308B6 /* Notes.txt */,
				55EC791B195D9C35005308B6 /* AppDelegate.swift */,
				55EC7920195D9C35005308B6 /* ViewController.swift */,
				55EC7922195D9C35005308B6 /* Main.storyboard */,
				55EC793B195D9D21005308B6 /* SBScavengerHunt-Bridging-Header.h */,
				17767A92195DBF6300DCC84B /* CreateHuntViewController.swift */,
				17767A93195DBF6300DCC84B /* CreateHuntViewController.xib */,
				55CC9D7A195DB82B00336F00 /* MakeNewHuntViewController.swift */,
				55CC9D7B195DB82B00336F00 /* MakeNewHuntViewController.xib */,
				55CC9D7E195DBAA300336F00 /* MakeNewTargetViewController.swift */,
				55CC9D80195DBABA00336F00 /* MakeNewTargetViewController.xib */,
				55CC9D76195DB54E00336F00 /* Model */,
				55EC7925195D9C35005308B6 /* Images.xcassets */,
				55EC7919195D9C35005308B6 /* Supporting Files */,
			);
			path = SBScavengerHunt;
			sourceTree = "<group>";
		};
		55EC7919195D9C35005308B6 /* Supporting Files */ = {
			isa = PBXGroup;
			children = (
				55EC791A195D9C35005308B6 /* Info.plist */,
			);
			name = "Supporting Files";
			sourceTree = "<group>";
		};
		55EC792E195D9C35005308B6 /* SBScavengerHuntTests */ = {
			isa = PBXGroup;
			children = (
				55EC7931195D9C35005308B6 /* SBScavengerHuntTests.swift */,
				55EC792F195D9C35005308B6 /* Supporting Files */,
			);
			path = SBScavengerHuntTests;
			sourceTree = "<group>";
		};
		55EC792F195D9C35005308B6 /* Supporting Files */ = {
			isa = PBXGroup;
			children = (
				55EC7930195D9C35005308B6 /* Info.plist */,
			);
			name = "Supporting Files";
			sourceTree = "<group>";
		};
		BC9E8A103F7E44718EF97AD3 /* Frameworks */ = {
			isa = PBXGroup;
			children = (
				55EC7941195D9DA6005308B6 /* CoreLocation.framework */,
				55EC793F195D9DA0005308B6 /* CoreBluetooth.framework */,
				2EA5825F15F44FE78AC25B05 /* libPods-SBScavengerHunt.a */,
			);
			name = Frameworks;
			sourceTree = "<group>";
		};
/* End PBXGroup section */

/* Begin PBXNativeTarget section */
		55EC7915195D9C35005308B6 /* SBScavengerHunt */ = {
			isa = PBXNativeTarget;
			buildConfigurationList = 55EC7935195D9C35005308B6 /* Build configuration list for PBXNativeTarget "SBScavengerHunt" */;
			buildPhases = (
				C1BFF2ED5752496B829CF184 /* Check Pods Manifest.lock */,
				55EC7912195D9C35005308B6 /* Sources */,
				55EC7913195D9C35005308B6 /* Frameworks */,
				55EC7914195D9C35005308B6 /* Resources */,
				AC64BAD515E7467782C20D2E /* Copy Pods Resources */,
			);
			buildRules = (
			);
			dependencies = (
			);
			name = SBScavengerHunt;
			productName = SBScavengerHunt;
			productReference = 55EC7916195D9C35005308B6 /* SBScavengerHunt.app */;
			productType = "com.apple.product-type.application";
		};
		55EC792A195D9C35005308B6 /* SBScavengerHuntTests */ = {
			isa = PBXNativeTarget;
			buildConfigurationList = 55EC7938195D9C35005308B6 /* Build configuration list for PBXNativeTarget "SBScavengerHuntTests" */;
			buildPhases = (
				55EC7927195D9C35005308B6 /* Sources */,
				55EC7928195D9C35005308B6 /* Frameworks */,
				55EC7929195D9C35005308B6 /* Resources */,
			);
			buildRules = (
			);
			dependencies = (
				55EC792D195D9C35005308B6 /* PBXTargetDependency */,
			);
			name = SBScavengerHuntTests;
			productName = SBScavengerHuntTests;
			productReference = 55EC792B195D9C35005308B6 /* SBScavengerHuntTests.xctest */;
			productType = "com.apple.product-type.bundle.unit-test";
		};
/* End PBXNativeTarget section */

/* Begin PBXProject section */
		55EC790E195D9C35005308B6 /* Project object */ = {
			isa = PBXProject;
			attributes = {
				LastUpgradeCheck = 0600;
				ORGANIZATIONNAME = smashingboxes;
				TargetAttributes = {
					55EC7915195D9C35005308B6 = {
						CreatedOnToolsVersion = 6.0;
					};
					55EC792A195D9C35005308B6 = {
						CreatedOnToolsVersion = 6.0;
						TestTargetID = 55EC7915195D9C35005308B6;
					};
				};
			};
			buildConfigurationList = 55EC7911195D9C35005308B6 /* Build configuration list for PBXProject "SBScavengerHunt" */;
			compatibilityVersion = "Xcode 3.2";
			developmentRegion = English;
			hasScannedForEncodings = 0;
			knownRegions = (
				en,
				Base,
			);
			mainGroup = 55EC790D195D9C35005308B6;
			productRefGroup = 55EC7917195D9C35005308B6 /* Products */;
			projectDirPath = "";
			projectRoot = "";
			targets = (
				55EC7915195D9C35005308B6 /* SBScavengerHunt */,
				55EC792A195D9C35005308B6 /* SBScavengerHuntTests */,
			);
		};
/* End PBXProject section */

/* Begin PBXResourcesBuildPhase section */
		55EC7914195D9C35005308B6 /* Resources */ = {
			isa = PBXResourcesBuildPhase;
			buildActionMask = 2147483647;
			files = (
				55CC9D7D195DB82B00336F00 /* MakeNewHuntViewController.xib in Resources */,
				17767A95195DBF6300DCC84B /* CreateHuntViewController.xib in Resources */,
				55CC9D81195DBABA00336F00 /* MakeNewTargetViewController.xib in Resources */,
				55EC7924195D9C35005308B6 /* Main.storyboard in Resources */,
				55EC7946195DA8E4005308B6 /* Notes.txt in Resources */,
				55EC7926195D9C35005308B6 /* Images.xcassets in Resources */,
			);
			runOnlyForDeploymentPostprocessing = 0;
		};
		55EC7929195D9C35005308B6 /* Resources */ = {
			isa = PBXResourcesBuildPhase;
			buildActionMask = 2147483647;
			files = (
			);
			runOnlyForDeploymentPostprocessing = 0;
		};
/* End PBXResourcesBuildPhase section */

/* Begin PBXShellScriptBuildPhase section */
		AC64BAD515E7467782C20D2E /* Copy Pods Resources */ = {
			isa = PBXShellScriptBuildPhase;
			buildActionMask = 2147483647;
			files = (
			);
			inputPaths = (
			);
			name = "Copy Pods Resources";
			outputPaths = (
			);
			runOnlyForDeploymentPostprocessing = 0;
			shellPath = /bin/sh;
			shellScript = "\"${SRCROOT}/Pods/Pods-SBScavengerHunt-resources.sh\"\n";
			showEnvVarsInLog = 0;
		};
		C1BFF2ED5752496B829CF184 /* Check Pods Manifest.lock */ = {
			isa = PBXShellScriptBuildPhase;
			buildActionMask = 2147483647;
			files = (
			);
			inputPaths = (
			);
			name = "Check Pods Manifest.lock";
			outputPaths = (
			);
			runOnlyForDeploymentPostprocessing = 0;
			shellPath = /bin/sh;
			shellScript = "diff \"${PODS_ROOT}/../Podfile.lock\" \"${PODS_ROOT}/Manifest.lock\" > /dev/null\nif [[ $? != 0 ]] ; then\n    cat << EOM\nerror: The sandbox is not in sync with the Podfile.lock. Run 'pod install' or update your CocoaPods installation.\nEOM\n    exit 1\nfi\n";
			showEnvVarsInLog = 0;
		};
/* End PBXShellScriptBuildPhase section */

/* Begin PBXSourcesBuildPhase section */
		55EC7912195D9C35005308B6 /* Sources */ = {
			isa = PBXSourcesBuildPhase;
			buildActionMask = 2147483647;
			files = (
				55CC9D72195DB54900336F00 /* Hunt.m in Sources */,
				55CC9D7C195DB82B00336F00 /* MakeNewHuntViewController.swift in Sources */,
				55EC7921195D9C35005308B6 /* ViewController.swift in Sources */,
				17767A94195DBF6300DCC84B /* CreateHuntViewController.swift in Sources */,
				55CC9D7F195DBAA300336F00 /* MakeNewTargetViewController.swift in Sources */,
				55EC791F195D9C35005308B6 /* SBScavengerHunt.xcdatamodeld in Sources */,
				55CC9D84195DD9D600336F00 /* HuntTarget.m in Sources */,
				55EC791C195D9C35005308B6 /* AppDelegate.swift in Sources */,
				55CC9D79195DB58C00336F00 /* Hunt+Tools.m in Sources */,
			);
			runOnlyForDeploymentPostprocessing = 0;
		};
		55EC7927195D9C35005308B6 /* Sources */ = {
			isa = PBXSourcesBuildPhase;
			buildActionMask = 2147483647;
			files = (
				55EC7932195D9C35005308B6 /* SBScavengerHuntTests.swift in Sources */,
			);
			runOnlyForDeploymentPostprocessing = 0;
		};
/* End PBXSourcesBuildPhase section */

/* Begin PBXTargetDependency section */
		55EC792D195D9C35005308B6 /* PBXTargetDependency */ = {
			isa = PBXTargetDependency;
			target = 55EC7915195D9C35005308B6 /* SBScavengerHunt */;
			targetProxy = 55EC792C195D9C35005308B6 /* PBXContainerItemProxy */;
		};
/* End PBXTargetDependency section */

/* Begin PBXVariantGroup section */
		55EC7922195D9C35005308B6 /* Main.storyboard */ = {
			isa = PBXVariantGroup;
			children = (
				55EC7923195D9C35005308B6 /* Base */,
			);
			name = Main.storyboard;
			sourceTree = "<group>";
		};
/* End PBXVariantGroup section */

/* Begin XCBuildConfiguration section */
		55EC7933195D9C35005308B6 /* Debug */ = {
			isa = XCBuildConfiguration;
			buildSettings = {
				ALWAYS_SEARCH_USER_PATHS = NO;
				CLANG_CXX_LANGUAGE_STANDARD = "gnu++0x";
				CLANG_CXX_LIBRARY = "libc++";
				CLANG_ENABLE_MODULES = YES;
				CLANG_ENABLE_OBJC_ARC = YES;
				CLANG_WARN_BOOL_CONVERSION = YES;
				CLANG_WARN_CONSTANT_CONVERSION = YES;
				CLANG_WARN_DIRECT_OBJC_ISA_USAGE = YES_ERROR;
				CLANG_WARN_EMPTY_BODY = YES;
				CLANG_WARN_ENUM_CONVERSION = YES;
				CLANG_WARN_INT_CONVERSION = YES;
				CLANG_WARN_OBJC_ROOT_CLASS = YES_ERROR;
				CLANG_WARN_UNREACHABLE_CODE = YES;
				CLANG_WARN__DUPLICATE_METHOD_MATCH = YES;
				"CODE_SIGN_IDENTITY[sdk=iphoneos*]" = "iPhone Developer";
				COPY_PHASE_STRIP = NO;
				ENABLE_STRICT_OBJC_MSGSEND = YES;
				GCC_C_LANGUAGE_STANDARD = gnu99;
				GCC_DYNAMIC_NO_PIC = NO;
				GCC_OPTIMIZATION_LEVEL = 0;
				GCC_PREPROCESSOR_DEFINITIONS = (
					"DEBUG=1",
					"$(inherited)",
				);
				GCC_SYMBOLS_PRIVATE_EXTERN = NO;
				GCC_WARN_64_TO_32_BIT_CONVERSION = YES;
				GCC_WARN_ABOUT_RETURN_TYPE = YES_ERROR;
				GCC_WARN_UNDECLARED_SELECTOR = YES;
				GCC_WARN_UNINITIALIZED_AUTOS = YES_AGGRESSIVE;
				GCC_WARN_UNUSED_FUNCTION = YES;
				GCC_WARN_UNUSED_VARIABLE = YES;
				IPHONEOS_DEPLOYMENT_TARGET = 8.0;
				METAL_ENABLE_DEBUG_INFO = YES;
				ONLY_ACTIVE_ARCH = YES;
				SDKROOT = iphoneos;
				SWIFT_OPTIMIZATION_LEVEL = "-Onone";
			};
			name = Debug;
		};
		55EC7934195D9C35005308B6 /* Release */ = {
			isa = XCBuildConfiguration;
			buildSettings = {
				ALWAYS_SEARCH_USER_PATHS = NO;
				CLANG_CXX_LANGUAGE_STANDARD = "gnu++0x";
				CLANG_CXX_LIBRARY = "libc++";
				CLANG_ENABLE_MODULES = YES;
				CLANG_ENABLE_OBJC_ARC = YES;
				CLANG_WARN_BOOL_CONVERSION = YES;
				CLANG_WARN_CONSTANT_CONVERSION = YES;
				CLANG_WARN_DIRECT_OBJC_ISA_USAGE = YES_ERROR;
				CLANG_WARN_EMPTY_BODY = YES;
				CLANG_WARN_ENUM_CONVERSION = YES;
				CLANG_WARN_INT_CONVERSION = YES;
				CLANG_WARN_OBJC_ROOT_CLASS = YES_ERROR;
				CLANG_WARN_UNREACHABLE_CODE = YES;
				CLANG_WARN__DUPLICATE_METHOD_MATCH = YES;
				"CODE_SIGN_IDENTITY[sdk=iphoneos*]" = "iPhone Developer";
				COPY_PHASE_STRIP = YES;
				ENABLE_NS_ASSERTIONS = NO;
				ENABLE_STRICT_OBJC_MSGSEND = YES;
				GCC_C_LANGUAGE_STANDARD = gnu99;
				GCC_WARN_64_TO_32_BIT_CONVERSION = YES;
				GCC_WARN_ABOUT_RETURN_TYPE = YES_ERROR;
				GCC_WARN_UNDECLARED_SELECTOR = YES;
				GCC_WARN_UNINITIALIZED_AUTOS = YES_AGGRESSIVE;
				GCC_WARN_UNUSED_FUNCTION = YES;
				GCC_WARN_UNUSED_VARIABLE = YES;
				IPHONEOS_DEPLOYMENT_TARGET = 8.0;
				METAL_ENABLE_DEBUG_INFO = NO;
				SDKROOT = iphoneos;
				VALIDATE_PRODUCT = YES;
			};
			name = Release;
		};
		55EC7936195D9C35005308B6 /* Debug */ = {
			isa = XCBuildConfiguration;
			baseConfigurationReference = 90C6D519B3BE4DA2AFA43070 /* Pods-SBScavengerHunt.xcconfig */;
			buildSettings = {
				ASSETCATALOG_COMPILER_APPICON_NAME = AppIcon;
				ASSETCATALOG_COMPILER_LAUNCHIMAGE_NAME = LaunchImage;
				CLANG_ENABLE_MODULES = YES;
				INFOPLIST_FILE = SBScavengerHunt/Info.plist;
				IPHONEOS_DEPLOYMENT_TARGET = 7.0;
				LD_RUNPATH_SEARCH_PATHS = "$(inherited) @executable_path/Frameworks";
				PRODUCT_NAME = "$(TARGET_NAME)";
				SWIFT_OBJC_BRIDGING_HEADER = "SBScavengerHunt/SBScavengerHunt-Bridging-Header.h";
				SWIFT_OPTIMIZATION_LEVEL = "-Onone";
			};
			name = Debug;
		};
		55EC7937195D9C35005308B6 /* Release */ = {
			isa = XCBuildConfiguration;
			baseConfigurationReference = 90C6D519B3BE4DA2AFA43070 /* Pods-SBScavengerHunt.xcconfig */;
			buildSettings = {
				ASSETCATALOG_COMPILER_APPICON_NAME = AppIcon;
				ASSETCATALOG_COMPILER_LAUNCHIMAGE_NAME = LaunchImage;
				CLANG_ENABLE_MODULES = YES;
				INFOPLIST_FILE = SBScavengerHunt/Info.plist;
				IPHONEOS_DEPLOYMENT_TARGET = 7.0;
				LD_RUNPATH_SEARCH_PATHS = "$(inherited) @executable_path/Frameworks";
				PRODUCT_NAME = "$(TARGET_NAME)";
				SWIFT_OBJC_BRIDGING_HEADER = "SBScavengerHunt/SBScavengerHunt-Bridging-Header.h";
			};
			name = Release;
		};
		55EC7939195D9C35005308B6 /* Debug */ = {
			isa = XCBuildConfiguration;
			buildSettings = {
				BUNDLE_LOADER = "$(BUILT_PRODUCTS_DIR)/SBScavengerHunt.app/SBScavengerHunt";
				FRAMEWORK_SEARCH_PATHS = (
					"$(SDKROOT)/Developer/Library/Frameworks",
					"$(inherited)",
				);
				GCC_PREPROCESSOR_DEFINITIONS = (
					"DEBUG=1",
					"$(inherited)",
				);
				INFOPLIST_FILE = SBScavengerHuntTests/Info.plist;
				LD_RUNPATH_SEARCH_PATHS = "$(inherited) @executable_path/Frameworks @loader_path/Frameworks";
				METAL_ENABLE_DEBUG_INFO = YES;
				PRODUCT_NAME = "$(TARGET_NAME)";
				TEST_HOST = "$(BUNDLE_LOADER)";
			};
			name = Debug;
		};
		55EC793A195D9C35005308B6 /* Release */ = {
			isa = XCBuildConfiguration;
			buildSettings = {
				BUNDLE_LOADER = "$(BUILT_PRODUCTS_DIR)/SBScavengerHunt.app/SBScavengerHunt";
				FRAMEWORK_SEARCH_PATHS = (
					"$(SDKROOT)/Developer/Library/Frameworks",
					"$(inherited)",
				);
				INFOPLIST_FILE = SBScavengerHuntTests/Info.plist;
				LD_RUNPATH_SEARCH_PATHS = "$(inherited) @executable_path/Frameworks @loader_path/Frameworks";
				METAL_ENABLE_DEBUG_INFO = NO;
				PRODUCT_NAME = "$(TARGET_NAME)";
				TEST_HOST = "$(BUNDLE_LOADER)";
			};
			name = Release;
		};
/* End XCBuildConfiguration section */

/* Begin XCConfigurationList section */
		55EC7911195D9C35005308B6 /* Build configuration list for PBXProject "SBScavengerHunt" */ = {
			isa = XCConfigurationList;
			buildConfigurations = (
				55EC7933195D9C35005308B6 /* Debug */,
				55EC7934195D9C35005308B6 /* Release */,
			);
			defaultConfigurationIsVisible = 0;
			defaultConfigurationName = Release;
		};
		55EC7935195D9C35005308B6 /* Build configuration list for PBXNativeTarget "SBScavengerHunt" */ = {
			isa = XCConfigurationList;
			buildConfigurations = (
				55EC7936195D9C35005308B6 /* Debug */,
				55EC7937195D9C35005308B6 /* Release */,
			);
			defaultConfigurationIsVisible = 0;
			defaultConfigurationName = Release;
		};
		55EC7938195D9C35005308B6 /* Build configuration list for PBXNativeTarget "SBScavengerHuntTests" */ = {
			isa = XCConfigurationList;
			buildConfigurations = (
				55EC7939195D9C35005308B6 /* Debug */,
				55EC793A195D9C35005308B6 /* Release */,
			);
			defaultConfigurationIsVisible = 0;
			defaultConfigurationName = Release;
		};
/* End XCConfigurationList section */

/* Begin XCVersionGroup section */
		55EC791D195D9C35005308B6 /* SBScavengerHunt.xcdatamodeld */ = {
			isa = XCVersionGroup;
			children = (
				55EC791E195D9C35005308B6 /* SBScavengerHunt.xcdatamodel */,
			);
			currentVersion = 55EC791E195D9C35005308B6 /* SBScavengerHunt.xcdatamodel */;
			path = SBScavengerHunt.xcdatamodeld;
			sourceTree = "<group>";
			versionGroupType = wrapper.xcdatamodel;
		};
/* End XCVersionGroup section */
	};
	rootObject = 55EC790E195D9C35005308B6 /* Project object */;
}
